
Microsoft Visual Studio Solution File, Format Version 12.00
Project("{FAE04EC0-301F-11D3-BF4B-00C04F79EFBC}") = "Monappoly-Asp", "Monappoly-Asp\Monappoly-Asp.csproj", "{339B967B-440E-4957-AD87-535CB7971A31}"
EndProject
Global
	GlobalSection(SolutionConfigurationPlatforms) = preSolution
		Debug|Any CPU = Debug|Any CPU
		Release|Any CPU = Release|Any CPU
	EndGlobalSection
	GlobalSection(ProjectConfigurationPlatforms) = postSolution
		{339B967B-440E-4957-AD87-535CB7971A31}.Debug|Any CPU.ActiveCfg = Debug|Any CPU
		{339B967B-440E-4957-AD87-535CB7971A31}.Debug|Any CPU.Build.0 = Debug|Any CPU
		{339B967B-440E-4957-AD87-535CB7971A31}.Release|Any CPU.ActiveCfg = Release|Any CPU
		{339B967B-440E-4957-AD87-535CB7971A31}.Release|Any CPU.Build.0 = Release|Any CPU
	EndGlobalSection
EndGlobal
